// !$*UTF8*$!
{
	archiveVersion = 1;
	classes = {
	};
	objectVersion = 51;
	objects = {

/* Begin PBXBuildFile section */
		63AFEB53712590FD899B478F /* Pods_LetsGoToTheMall.framework in Frameworks */ = {isa = PBXBuildFile; fileRef = 30579B97698118B30E41AFAC /* Pods_LetsGoToTheMall.framework */; };
		CD1CACAC2582BE7900634413 /* UIView+addBorder.swift in Sources */ = {isa = PBXBuildFile; fileRef = CD1CACAB2582BE7800634413 /* UIView+addBorder.swift */; };
		CD1CACAF2582BE9500634413 /* UIBarButtonItem+hide.swift in Sources */ = {isa = PBXBuildFile; fileRef = CD1CACAE2582BE9500634413 /* UIBarButtonItem+hide.swift */; };
		CD2A24F6257AAA7100A1D5C5 /* AppDelegate.swift in Sources */ = {isa = PBXBuildFile; fileRef = CD2A24F5257AAA7100A1D5C5 /* AppDelegate.swift */; };
		CD2A24F8257AAA7100A1D5C5 /* SceneDelegate.swift in Sources */ = {isa = PBXBuildFile; fileRef = CD2A24F7257AAA7100A1D5C5 /* SceneDelegate.swift */; };
		CD2A24FA257AAA7100A1D5C5 /* LoginViewController.swift in Sources */ = {isa = PBXBuildFile; fileRef = CD2A24F9257AAA7100A1D5C5 /* LoginViewController.swift */; };
		CD2A24FD257AAA7100A1D5C5 /* Main.storyboard in Resources */ = {isa = PBXBuildFile; fileRef = CD2A24FB257AAA7100A1D5C5 /* Main.storyboard */; };
		CD2A24FF257AAA7300A1D5C5 /* Assets.xcassets in Resources */ = {isa = PBXBuildFile; fileRef = CD2A24FE257AAA7300A1D5C5 /* Assets.xcassets */; };
		CD2A2502257AAA7300A1D5C5 /* LaunchScreen.storyboard in Resources */ = {isa = PBXBuildFile; fileRef = CD2A2500257AAA7300A1D5C5 /* LaunchScreen.storyboard */; };
		CD3634DA257ACC9B0038C267 /* StoreDetailViewController.swift in Sources */ = {isa = PBXBuildFile; fileRef = CD3634D9257ACC9B0038C267 /* StoreDetailViewController.swift */; };
		CD3634DE257AE3B90038C267 /* Mall.swift in Sources */ = {isa = PBXBuildFile; fileRef = CD3634DD257AE3B90038C267 /* Mall.swift */; };
		CD3634E1257AE3FB0038C267 /* Store.swift in Sources */ = {isa = PBXBuildFile; fileRef = CD3634E0257AE3FB0038C267 /* Store.swift */; };
		CD6251AD257AEC790035696D /* Review.swift in Sources */ = {isa = PBXBuildFile; fileRef = CD6251AC257AEC790035696D /* Review.swift */; };
		CD6251B0257AFE7A0035696D /* UIViewController+alert.swift in Sources */ = {isa = PBXBuildFile; fileRef = CD6251AF257AFE790035696D /* UIViewController+alert.swift */; };
		CD6251B4257B411F0035696D /* Malls.swift in Sources */ = {isa = PBXBuildFile; fileRef = CD6251B3257B411F0035696D /* Malls.swift */; };
		CD6251B7257B41280035696D /* Stores.swift in Sources */ = {isa = PBXBuildFile; fileRef = CD6251B6257B41280035696D /* Stores.swift */; };
		CD6251B9257B41300035696D /* Reviews.swift in Sources */ = {isa = PBXBuildFile; fileRef = CD6251B8257B41300035696D /* Reviews.swift */; };
		CD672BCB257C0476002D9D85 /* APIKeys.swift in Sources */ = {isa = PBXBuildFile; fileRef = CD672BCA257C0476002D9D85 /* APIKeys.swift */; };
		CD874CD325808DB200F2710A /* ReviewTableViewController.swift in Sources */ = {isa = PBXBuildFile; fileRef = CD874CD225808DB200F2710A /* ReviewTableViewController.swift */; };
		CD874D33258093A700F2710A /* ReviewTableViewCell.swift in Sources */ = {isa = PBXBuildFile; fileRef = CD874D32258093A700F2710A /* ReviewTableViewCell.swift */; };
		CD9FFFA2257AACA7000F80DC /* GoogleService-Info.plist in Resources */ = {isa = PBXBuildFile; fileRef = CD9FFFA1257AACA7000F80DC /* GoogleService-Info.plist */; };
		CD9FFFA7257AB4CC000F80DC /* MallListViewController.swift in Sources */ = {isa = PBXBuildFile; fileRef = CD9FFFA6257AB4CC000F80DC /* MallListViewController.swift */; };
		CD9FFFAA257AB5F1000F80DC /* MallTableViewCell.swift in Sources */ = {isa = PBXBuildFile; fileRef = CD9FFFA9257AB5F1000F80DC /* MallTableViewCell.swift */; };
		CD9FFFAD257ABD35000F80DC /* MallDetailViewController.swift in Sources */ = {isa = PBXBuildFile; fileRef = CD9FFFAC257ABD35000F80DC /* MallDetailViewController.swift */; };
		CDEEA693258009D400560E4D /* StoreInMallTableViewCell.swift in Sources */ = {isa = PBXBuildFile; fileRef = CDEEA692258009D400560E4D /* StoreInMallTableViewCell.swift */; };
/* End PBXBuildFile section */

/* Begin PBXFileReference section */
		2A452B51E1A55DBDAF4F3478 /* Pods-LetsGoToTheMall.release.xcconfig */ = {isa = PBXFileReference; includeInIndex = 1; lastKnownFileType = text.xcconfig; name = "Pods-LetsGoToTheMall.release.xcconfig"; path = "Target Support Files/Pods-LetsGoToTheMall/Pods-LetsGoToTheMall.release.xcconfig"; sourceTree = "<group>"; };
		30579B97698118B30E41AFAC /* Pods_LetsGoToTheMall.framework */ = {isa = PBXFileReference; explicitFileType = wrapper.framework; includeInIndex = 0; path = Pods_LetsGoToTheMall.framework; sourceTree = BUILT_PRODUCTS_DIR; };
		AA8FB0B3B1B77151B754B84E /* Pods-LetsGoToTheMall.debug.xcconfig */ = {isa = PBXFileReference; includeInIndex = 1; lastKnownFileType = text.xcconfig; name = "Pods-LetsGoToTheMall.debug.xcconfig"; path = "Target Support Files/Pods-LetsGoToTheMall/Pods-LetsGoToTheMall.debug.xcconfig"; sourceTree = "<group>"; };
		CD1CACAB2582BE7800634413 /* UIView+addBorder.swift */ = {isa = PBXFileReference; fileEncoding = 4; lastKnownFileType = sourcecode.swift; path = "UIView+addBorder.swift"; sourceTree = "<group>"; };
		CD1CACAE2582BE9500634413 /* UIBarButtonItem+hide.swift */ = {isa = PBXFileReference; fileEncoding = 4; lastKnownFileType = sourcecode.swift; path = "UIBarButtonItem+hide.swift"; sourceTree = "<group>"; };
		CD2A24F2257AAA7100A1D5C5 /* LetsGoToTheMall.app */ = {isa = PBXFileReference; explicitFileType = wrapper.application; includeInIndex = 0; path = LetsGoToTheMall.app; sourceTree = BUILT_PRODUCTS_DIR; };
		CD2A24F5257AAA7100A1D5C5 /* AppDelegate.swift */ = {isa = PBXFileReference; lastKnownFileType = sourcecode.swift; path = AppDelegate.swift; sourceTree = "<group>"; };
		CD2A24F7257AAA7100A1D5C5 /* SceneDelegate.swift */ = {isa = PBXFileReference; lastKnownFileType = sourcecode.swift; path = SceneDelegate.swift; sourceTree = "<group>"; };
		CD2A24F9257AAA7100A1D5C5 /* LoginViewController.swift */ = {isa = PBXFileReference; lastKnownFileType = sourcecode.swift; path = LoginViewController.swift; sourceTree = "<group>"; };
		CD2A24FC257AAA7100A1D5C5 /* Base */ = {isa = PBXFileReference; lastKnownFileType = file.storyboard; name = Base; path = Base.lproj/Main.storyboard; sourceTree = "<group>"; };
		CD2A24FE257AAA7300A1D5C5 /* Assets.xcassets */ = {isa = PBXFileReference; lastKnownFileType = folder.assetcatalog; path = Assets.xcassets; sourceTree = "<group>"; };
		CD2A2501257AAA7300A1D5C5 /* Base */ = {isa = PBXFileReference; lastKnownFileType = file.storyboard; name = Base; path = Base.lproj/LaunchScreen.storyboard; sourceTree = "<group>"; };
		CD2A2503257AAA7300A1D5C5 /* Info.plist */ = {isa = PBXFileReference; lastKnownFileType = text.plist.xml; path = Info.plist; sourceTree = "<group>"; };
		CD3634D9257ACC9B0038C267 /* StoreDetailViewController.swift */ = {isa = PBXFileReference; lastKnownFileType = sourcecode.swift; path = StoreDetailViewController.swift; sourceTree = "<group>"; };
		CD3634DD257AE3B90038C267 /* Mall.swift */ = {isa = PBXFileReference; lastKnownFileType = sourcecode.swift; path = Mall.swift; sourceTree = "<group>"; };
		CD3634E0257AE3FB0038C267 /* Store.swift */ = {isa = PBXFileReference; lastKnownFileType = sourcecode.swift; path = Store.swift; sourceTree = "<group>"; };
		CD6251AC257AEC790035696D /* Review.swift */ = {isa = PBXFileReference; lastKnownFileType = sourcecode.swift; path = Review.swift; sourceTree = "<group>"; };
		CD6251AF257AFE790035696D /* UIViewController+alert.swift */ = {isa = PBXFileReference; fileEncoding = 4; lastKnownFileType = sourcecode.swift; path = "UIViewController+alert.swift"; sourceTree = "<group>"; };
		CD6251B3257B411F0035696D /* Malls.swift */ = {isa = PBXFileReference; lastKnownFileType = sourcecode.swift; path = Malls.swift; sourceTree = "<group>"; };
		CD6251B6257B41280035696D /* Stores.swift */ = {isa = PBXFileReference; lastKnownFileType = sourcecode.swift; path = Stores.swift; sourceTree = "<group>"; };
		CD6251B8257B41300035696D /* Reviews.swift */ = {isa = PBXFileReference; lastKnownFileType = sourcecode.swift; path = Reviews.swift; sourceTree = "<group>"; };
		CD672BCA257C0476002D9D85 /* APIKeys.swift */ = {isa = PBXFileReference; lastKnownFileType = sourcecode.swift; path = APIKeys.swift; sourceTree = "<group>"; };
		CD874CD225808DB200F2710A /* ReviewTableViewController.swift */ = {isa = PBXFileReference; lastKnownFileType = sourcecode.swift; path = ReviewTableViewController.swift; sourceTree = "<group>"; };
		CD874D32258093A700F2710A /* ReviewTableViewCell.swift */ = {isa = PBXFileReference; lastKnownFileType = sourcecode.swift; path = ReviewTableViewCell.swift; sourceTree = "<group>"; };
		CD9FFFA1257AACA7000F80DC /* GoogleService-Info.plist */ = {isa = PBXFileReference; lastKnownFileType = text.plist; path = "GoogleService-Info.plist"; sourceTree = SOURCE_ROOT; };
		CD9FFFA6257AB4CC000F80DC /* MallListViewController.swift */ = {isa = PBXFileReference; lastKnownFileType = sourcecode.swift; path = MallListViewController.swift; sourceTree = "<group>"; };
		CD9FFFA9257AB5F1000F80DC /* MallTableViewCell.swift */ = {isa = PBXFileReference; lastKnownFileType = sourcecode.swift; path = MallTableViewCell.swift; sourceTree = "<group>"; };
		CD9FFFAC257ABD35000F80DC /* MallDetailViewController.swift */ = {isa = PBXFileReference; lastKnownFileType = sourcecode.swift; path = MallDetailViewController.swift; sourceTree = "<group>"; };
		CDEEA692258009D400560E4D /* StoreInMallTableViewCell.swift */ = {isa = PBXFileReference; lastKnownFileType = sourcecode.swift; path = StoreInMallTableViewCell.swift; sourceTree = "<group>"; };
/* End PBXFileReference section */

/* Begin PBXFrameworksBuildPhase section */
		CD2A24EF257AAA7100A1D5C5 /* Frameworks */ = {
			isa = PBXFrameworksBuildPhase;
			buildActionMask = 2147483647;
			files = (
				63AFEB53712590FD899B478F /* Pods_LetsGoToTheMall.framework in Frameworks */,
			);
			runOnlyForDeploymentPostprocessing = 0;
		};
/* End PBXFrameworksBuildPhase section */

/* Begin PBXGroup section */
		4D076209402E3B7DEEFADD6B /* Pods */ = {
			isa = PBXGroup;
			children = (
				AA8FB0B3B1B77151B754B84E /* Pods-LetsGoToTheMall.debug.xcconfig */,
				2A452B51E1A55DBDAF4F3478 /* Pods-LetsGoToTheMall.release.xcconfig */,
			);
			path = Pods;
			sourceTree = "<group>";
		};
		6E553862C65D0750AFC52C5B /* Frameworks */ = {
			isa = PBXGroup;
			children = (
				30579B97698118B30E41AFAC /* Pods_LetsGoToTheMall.framework */,
			);
			name = Frameworks;
			sourceTree = "<group>";
		};
		CD2A24E9257AAA7100A1D5C5 = {
			isa = PBXGroup;
			children = (
				CD2A24F4257AAA7100A1D5C5 /* LetsGoToTheMall */,
				CD2A24F3257AAA7100A1D5C5 /* Products */,
				4D076209402E3B7DEEFADD6B /* Pods */,
				6E553862C65D0750AFC52C5B /* Frameworks */,
			);
			sourceTree = "<group>";
		};
		CD2A24F3257AAA7100A1D5C5 /* Products */ = {
			isa = PBXGroup;
			children = (
				CD2A24F2257AAA7100A1D5C5 /* LetsGoToTheMall.app */,
			);
			name = Products;
			sourceTree = "<group>";
		};
		CD2A24F4257AAA7100A1D5C5 /* LetsGoToTheMall */ = {
			isa = PBXGroup;
			children = (
				CD2A24F5257AAA7100A1D5C5 /* AppDelegate.swift */,
				CD2A24F7257AAA7100A1D5C5 /* SceneDelegate.swift */,
				CD3634DD257AE3B90038C267 /* Mall.swift */,
				CD6251B3257B411F0035696D /* Malls.swift */,
				CD3634E0257AE3FB0038C267 /* Store.swift */,
				CD6251B6257B41280035696D /* Stores.swift */,
				CD6251AC257AEC790035696D /* Review.swift */,
				CD6251B8257B41300035696D /* Reviews.swift */,
				CD2A24F9257AAA7100A1D5C5 /* LoginViewController.swift */,
				CD9FFFA6257AB4CC000F80DC /* MallListViewController.swift */,
				CD9FFFA9257AB5F1000F80DC /* MallTableViewCell.swift */,
				CD9FFFAC257ABD35000F80DC /* MallDetailViewController.swift */,
				CDEEA692258009D400560E4D /* StoreInMallTableViewCell.swift */,
				CD3634D9257ACC9B0038C267 /* StoreDetailViewController.swift */,
				CD874D32258093A700F2710A /* ReviewTableViewCell.swift */,
				CD874CD225808DB200F2710A /* ReviewTableViewController.swift */,
				CD6251AF257AFE790035696D /* UIViewController+alert.swift */,
				CD1CACAB2582BE7800634413 /* UIView+addBorder.swift */,
				CD1CACAE2582BE9500634413 /* UIBarButtonItem+hide.swift */,
				CD672BCA257C0476002D9D85 /* APIKeys.swift */,
				CD2A24FB257AAA7100A1D5C5 /* Main.storyboard */,
				CD2A24FE257AAA7300A1D5C5 /* Assets.xcassets */,
				CD2A2500257AAA7300A1D5C5 /* LaunchScreen.storyboard */,
				CD2A2503257AAA7300A1D5C5 /* Info.plist */,
				CD9FFFA1257AACA7000F80DC /* GoogleService-Info.plist */,
			);
			path = LetsGoToTheMall;
			sourceTree = "<group>";
		};
/* End PBXGroup section */

/* Begin PBXNativeTarget section */
		CD2A24F1257AAA7100A1D5C5 /* LetsGoToTheMall */ = {
			isa = PBXNativeTarget;
			buildConfigurationList = CD2A2506257AAA7300A1D5C5 /* Build configuration list for PBXNativeTarget "LetsGoToTheMall" */;
			buildPhases = (
				F9AF21F8B891155340640E25 /* [CP] Check Pods Manifest.lock */,
				CD2A24EE257AAA7100A1D5C5 /* Sources */,
				CD2A24EF257AAA7100A1D5C5 /* Frameworks */,
				CD2A24F0257AAA7100A1D5C5 /* Resources */,
				4899A70B80014228BAAB5785 /* [CP] Embed Pods Frameworks */,
				A6B59EA0D636D370CD58F286 /* [CP] Copy Pods Resources */,
			);
			buildRules = (
			);
			dependencies = (
			);
			name = LetsGoToTheMall;
			productName = LetsGoToTheMall;
			productReference = CD2A24F2257AAA7100A1D5C5 /* LetsGoToTheMall.app */;
			productType = "com.apple.product-type.application";
		};
/* End PBXNativeTarget section */

/* Begin PBXProject section */
		CD2A24EA257AAA7100A1D5C5 /* Project object */ = {
			isa = PBXProject;
			attributes = {
				LastSwiftUpdateCheck = 1220;
				LastUpgradeCheck = 1220;
				TargetAttributes = {
					CD2A24F1257AAA7100A1D5C5 = {
						CreatedOnToolsVersion = 12.2;
					};
				};
			};
			buildConfigurationList = CD2A24ED257AAA7100A1D5C5 /* Build configuration list for PBXProject "LetsGoToTheMall" */;
			compatibilityVersion = "Xcode 9.3";
			developmentRegion = en;
			hasScannedForEncodings = 0;
			knownRegions = (
				en,
				Base,
			);
			mainGroup = CD2A24E9257AAA7100A1D5C5;
			productRefGroup = CD2A24F3257AAA7100A1D5C5 /* Products */;
			projectDirPath = "";
			projectRoot = "";
			targets = (
				CD2A24F1257AAA7100A1D5C5 /* LetsGoToTheMall */,
			);
		};
/* End PBXProject section */

/* Begin PBXResourcesBuildPhase section */
		CD2A24F0257AAA7100A1D5C5 /* Resources */ = {
			isa = PBXResourcesBuildPhase;
			buildActionMask = 2147483647;
			files = (
				CD2A2502257AAA7300A1D5C5 /* LaunchScreen.storyboard in Resources */,
				CD9FFFA2257AACA7000F80DC /* GoogleService-Info.plist in Resources */,
				CD2A24FF257AAA7300A1D5C5 /* Assets.xcassets in Resources */,
				CD2A24FD257AAA7100A1D5C5 /* Main.storyboard in Resources */,
			);
			runOnlyForDeploymentPostprocessing = 0;
		};
/* End PBXResourcesBuildPhase section */

/* Begin PBXShellScriptBuildPhase section */
		4899A70B80014228BAAB5785 /* [CP] Embed Pods Frameworks */ = {
			isa = PBXShellScriptBuildPhase;
			buildActionMask = 2147483647;
			files = (
			);
			inputFileListPaths = (
				"${PODS_ROOT}/Target Support Files/Pods-LetsGoToTheMall/Pods-LetsGoToTheMall-frameworks-${CONFIGURATION}-input-files.xcfilelist",
			);
			name = "[CP] Embed Pods Frameworks";
			outputFileListPaths = (
				"${PODS_ROOT}/Target Support Files/Pods-LetsGoToTheMall/Pods-LetsGoToTheMall-frameworks-${CONFIGURATION}-output-files.xcfilelist",
			);
			runOnlyForDeploymentPostprocessing = 0;
			shellPath = /bin/sh;
			shellScript = "\"${PODS_ROOT}/Target Support Files/Pods-LetsGoToTheMall/Pods-LetsGoToTheMall-frameworks.sh\"\n";
			showEnvVarsInLog = 0;
		};
		A6B59EA0D636D370CD58F286 /* [CP] Copy Pods Resources */ = {
			isa = PBXShellScriptBuildPhase;
			buildActionMask = 2147483647;
			files = (
			);
			inputFileListPaths = (
				"${PODS_ROOT}/Target Support Files/Pods-LetsGoToTheMall/Pods-LetsGoToTheMall-resources-${CONFIGURATION}-input-files.xcfilelist",
			);
			name = "[CP] Copy Pods Resources";
			outputFileListPaths = (
				"${PODS_ROOT}/Target Support Files/Pods-LetsGoToTheMall/Pods-LetsGoToTheMall-resources-${CONFIGURATION}-output-files.xcfilelist",
			);
			runOnlyForDeploymentPostprocessing = 0;
			shellPath = /bin/sh;
			shellScript = "\"${PODS_ROOT}/Target Support Files/Pods-LetsGoToTheMall/Pods-LetsGoToTheMall-resources.sh\"\n";
			showEnvVarsInLog = 0;
		};
		F9AF21F8B891155340640E25 /* [CP] Check Pods Manifest.lock */ = {
			isa = PBXShellScriptBuildPhase;
			buildActionMask = 2147483647;
			files = (
			);
			inputFileListPaths = (
			);
			inputPaths = (
				"${PODS_PODFILE_DIR_PATH}/Podfile.lock",
				"${PODS_ROOT}/Manifest.lock",
			);
			name = "[CP] Check Pods Manifest.lock";
			outputFileListPaths = (
			);
			outputPaths = (
				"$(DERIVED_FILE_DIR)/Pods-LetsGoToTheMall-checkManifestLockResult.txt",
			);
			runOnlyForDeploymentPostprocessing = 0;
			shellPath = /bin/sh;
			shellScript = "diff \"${PODS_PODFILE_DIR_PATH}/Podfile.lock\" \"${PODS_ROOT}/Manifest.lock\" > /dev/null\nif [ $? != 0 ] ; then\n    # print error to STDERR\n    echo \"error: The sandbox is not in sync with the Podfile.lock. Run 'pod install' or update your CocoaPods installation.\" >&2\n    exit 1\nfi\n# This output is used by Xcode 'outputs' to avoid re-running this script phase.\necho \"SUCCESS\" > \"${SCRIPT_OUTPUT_FILE_0}\"\n";
			showEnvVarsInLog = 0;
		};
/* End PBXShellScriptBuildPhase section */

/* Begin PBXSourcesBuildPhase section */
		CD2A24EE257AAA7100A1D5C5 /* Sources */ = {
			isa = PBXSourcesBuildPhase;
			buildActionMask = 2147483647;
			files = (
				CD9FFFA7257AB4CC000F80DC /* MallListViewController.swift in Sources */,
				CD2A24FA257AAA7100A1D5C5 /* LoginViewController.swift in Sources */,
				CD6251B7257B41280035696D /* Stores.swift in Sources */,
				CD2A24F6257AAA7100A1D5C5 /* AppDelegate.swift in Sources */,
				CD3634E1257AE3FB0038C267 /* Store.swift in Sources */,
				CD3634DE257AE3B90038C267 /* Mall.swift in Sources */,
				CDEEA693258009D400560E4D /* StoreInMallTableViewCell.swift in Sources */,
				CD874D33258093A700F2710A /* ReviewTableViewCell.swift in Sources */,
				CD672BCB257C0476002D9D85 /* APIKeys.swift in Sources */,
				CD6251AD257AEC790035696D /* Review.swift in Sources */,
				CD1CACAC2582BE7900634413 /* UIView+addBorder.swift in Sources */,
				CD9FFFAD257ABD35000F80DC /* MallDetailViewController.swift in Sources */,
				CD1CACAF2582BE9500634413 /* UIBarButtonItem+hide.swift in Sources */,
				CD6251B0257AFE7A0035696D /* UIViewController+alert.swift in Sources */,
				CD2A24F8257AAA7100A1D5C5 /* SceneDelegate.swift in Sources */,
				CD3634DA257ACC9B0038C267 /* StoreDetailViewController.swift in Sources */,
				CD9FFFAA257AB5F1000F80DC /* MallTableViewCell.swift in Sources */,
				CD874CD325808DB200F2710A /* ReviewTableViewController.swift in Sources */,
				CD6251B4257B411F0035696D /* Malls.swift in Sources */,
				CD6251B9257B41300035696D /* Reviews.swift in Sources */,
			);
			runOnlyForDeploymentPostprocessing = 0;
		};
/* End PBXSourcesBuildPhase section */

/* Begin PBXVariantGroup section */
		CD2A24FB257AAA7100A1D5C5 /* Main.storyboard */ = {
			isa = PBXVariantGroup;
			children = (
				CD2A24FC257AAA7100A1D5C5 /* Base */,
			);
			name = Main.storyboard;
			sourceTree = "<group>";
		};
		CD2A2500257AAA7300A1D5C5 /* LaunchScreen.storyboard */ = {
			isa = PBXVariantGroup;
			children = (
				CD2A2501257AAA7300A1D5C5 /* Base */,
			);
			name = LaunchScreen.storyboard;
			sourceTree = "<group>";
		};
/* End PBXVariantGroup section */

/* Begin XCBuildConfiguration section */
		CD2A2504257AAA7300A1D5C5 /* Debug */ = {
			isa = XCBuildConfiguration;
			buildSettings = {
				ALWAYS_SEARCH_USER_PATHS = NO;
				CLANG_ANALYZER_NONNULL = YES;
				CLANG_ANALYZER_NUMBER_OBJECT_CONVERSION = YES_AGGRESSIVE;
				CLANG_CXX_LANGUAGE_STANDARD = "gnu++14";
				CLANG_CXX_LIBRARY = "libc++";
				CLANG_ENABLE_MODULES = YES;
				CLANG_ENABLE_OBJC_ARC = YES;
				CLANG_ENABLE_OBJC_WEAK = YES;
				CLANG_WARN_BLOCK_CAPTURE_AUTORELEASING = YES;
				CLANG_WARN_BOOL_CONVERSION = YES;
				CLANG_WARN_COMMA = YES;
				CLANG_WARN_CONSTANT_CONVERSION = YES;
				CLANG_WARN_DEPRECATED_OBJC_IMPLEMENTATIONS = YES;
				CLANG_WARN_DIRECT_OBJC_ISA_USAGE = YES_ERROR;
				CLANG_WARN_DOCUMENTATION_COMMENTS = YES;
				CLANG_WARN_EMPTY_BODY = YES;
				CLANG_WARN_ENUM_CONVERSION = YES;
				CLANG_WARN_INFINITE_RECURSION = YES;
				CLANG_WARN_INT_CONVERSION = YES;
				CLANG_WARN_NON_LITERAL_NULL_CONVERSION = YES;
				CLANG_WARN_OBJC_IMPLICIT_RETAIN_SELF = YES;
				CLANG_WARN_OBJC_LITERAL_CONVERSION = YES;
				CLANG_WARN_OBJC_ROOT_CLASS = YES_ERROR;
				CLANG_WARN_QUOTED_INCLUDE_IN_FRAMEWORK_HEADER = YES;
				CLANG_WARN_RANGE_LOOP_ANALYSIS = YES;
				CLANG_WARN_STRICT_PROTOTYPES = YES;
				CLANG_WARN_SUSPICIOUS_MOVE = YES;
				CLANG_WARN_UNGUARDED_AVAILABILITY = YES_AGGRESSIVE;
				CLANG_WARN_UNREACHABLE_CODE = YES;
				CLANG_WARN__DUPLICATE_METHOD_MATCH = YES;
				COPY_PHASE_STRIP = NO;
				DEBUG_INFORMATION_FORMAT = dwarf;
				ENABLE_STRICT_OBJC_MSGSEND = YES;
				ENABLE_TESTABILITY = YES;
				GCC_C_LANGUAGE_STANDARD = gnu11;
				GCC_DYNAMIC_NO_PIC = NO;
				GCC_NO_COMMON_BLOCKS = YES;
				GCC_OPTIMIZATION_LEVEL = 0;
				GCC_PREPROCESSOR_DEFINITIONS = (
					"DEBUG=1",
					"$(inherited)",
				);
				GCC_WARN_64_TO_32_BIT_CONVERSION = YES;
				GCC_WARN_ABOUT_RETURN_TYPE = YES_ERROR;
				GCC_WARN_UNDECLARED_SELECTOR = YES;
				GCC_WARN_UNINITIALIZED_AUTOS = YES_AGGRESSIVE;
				GCC_WARN_UNUSED_FUNCTION = YES;
				GCC_WARN_UNUSED_VARIABLE = YES;
				IPHONEOS_DEPLOYMENT_TARGET = 14.2;
				MTL_ENABLE_DEBUG_INFO = INCLUDE_SOURCE;
				MTL_FAST_MATH = YES;
				ONLY_ACTIVE_ARCH = YES;
				SDKROOT = iphoneos;
				SWIFT_ACTIVE_COMPILATION_CONDITIONS = DEBUG;
				SWIFT_OPTIMIZATION_LEVEL = "-Onone";
			};
			name = Debug;
		};
		CD2A2505257AAA7300A1D5C5 /* Release */ = {
			isa = XCBuildConfiguration;
			buildSettings = {
				ALWAYS_SEARCH_USER_PATHS = NO;
				CLANG_ANALYZER_NONNULL = YES;
				CLANG_ANALYZER_NUMBER_OBJECT_CONVERSION = YES_AGGRESSIVE;
				CLANG_CXX_LANGUAGE_STANDARD = "gnu++14";
				CLANG_CXX_LIBRARY = "libc++";
				CLANG_ENABLE_MODULES = YES;
				CLANG_ENABLE_OBJC_ARC = YES;
				CLANG_ENABLE_OBJC_WEAK = YES;
				CLANG_WARN_BLOCK_CAPTURE_AUTORELEASING = YES;
				CLANG_WARN_BOOL_CONVERSION = YES;
				CLANG_WARN_COMMA = YES;
				CLANG_WARN_CONSTANT_CONVERSION = YES;
				CLANG_WARN_DEPRECATED_OBJC_IMPLEMENTATIONS = YES;
				CLANG_WARN_DIRECT_OBJC_ISA_USAGE = YES_ERROR;
				CLANG_WARN_DOCUMENTATION_COMMENTS = YES;
				CLANG_WARN_EMPTY_BODY = YES;
				CLANG_WARN_ENUM_CONVERSION = YES;
				CLANG_WARN_INFINITE_RECURSION = YES;
				CLANG_WARN_INT_CONVERSION = YES;
				CLANG_WARN_NON_LITERAL_NULL_CONVERSION = YES;
				CLANG_WARN_OBJC_IMPLICIT_RETAIN_SELF = YES;
				CLANG_WARN_OBJC_LITERAL_CONVERSION = YES;
				CLANG_WARN_OBJC_ROOT_CLASS = YES_ERROR;
				CLANG_WARN_QUOTED_INCLUDE_IN_FRAMEWORK_HEADER = YES;
				CLANG_WARN_RANGE_LOOP_ANALYSIS = YES;
				CLANG_WARN_STRICT_PROTOTYPES = YES;
				CLANG_WARN_SUSPICIOUS_MOVE = YES;
				CLANG_WARN_UNGUARDED_AVAILABILITY = YES_AGGRESSIVE;
				CLANG_WARN_UNREACHABLE_CODE = YES;
				CLANG_WARN__DUPLICATE_METHOD_MATCH = YES;
				COPY_PHASE_STRIP = NO;
				DEBUG_INFORMATION_FORMAT = "dwarf-with-dsym";
				ENABLE_NS_ASSERTIONS = NO;
				ENABLE_STRICT_OBJC_MSGSEND = YES;
				GCC_C_LANGUAGE_STANDARD = gnu11;
				GCC_NO_COMMON_BLOCKS = YES;
				GCC_WARN_64_TO_32_BIT_CONVERSION = YES;
				GCC_WARN_ABOUT_RETURN_TYPE = YES_ERROR;
				GCC_WARN_UNDECLARED_SELECTOR = YES;
				GCC_WARN_UNINITIALIZED_AUTOS = YES_AGGRESSIVE;
				GCC_WARN_UNUSED_FUNCTION = YES;
				GCC_WARN_UNUSED_VARIABLE = YES;
				IPHONEOS_DEPLOYMENT_TARGET = 14.2;
				MTL_ENABLE_DEBUG_INFO = NO;
				MTL_FAST_MATH = YES;
				SDKROOT = iphoneos;
				SWIFT_COMPILATION_MODE = wholemodule;
				SWIFT_OPTIMIZATION_LEVEL = "-O";
				VALIDATE_PRODUCT = YES;
			};
			name = Release;
		};
		CD2A2507257AAA7300A1D5C5 /* Debug */ = {
			isa = XCBuildConfiguration;
			baseConfigurationReference = AA8FB0B3B1B77151B754B84E /* Pods-LetsGoToTheMall.debug.xcconfig */;
			buildSettings = {
				ASSETCATALOG_COMPILER_APPICON_NAME = AppIcon;
				ASSETCATALOG_COMPILER_GLOBAL_ACCENT_COLOR_NAME = AccentColor;
				CODE_SIGN_STYLE = Automatic;
				DEVELOPMENT_TEAM = 7U2VFZY6BJ;
				INFOPLIST_FILE = LetsGoToTheMall/Info.plist;
				LD_RUNPATH_SEARCH_PATHS = (
					"$(inherited)",
					"@executable_path/Frameworks",
				);
				PRODUCT_BUNDLE_IDENTIFIER = com.haigian.LetsGoToTheMall;
				PRODUCT_NAME = "$(TARGET_NAME)";
				SWIFT_VERSION = 5.0;
				TARGETED_DEVICE_FAMILY = "1,2";
			};
			name = Debug;
		};
		CD2A2508257AAA7300A1D5C5 /* Release */ = {
			isa = XCBuildConfiguration;
			baseConfigurationReference = 2A452B51E1A55DBDAF4F3478 /* Pods-LetsGoToTheMall.release.xcconfig */;
			buildSettings = {
				ASSETCATALOG_COMPILER_APPICON_NAME = AppIcon;
				ASSETCATALOG_COMPILER_GLOBAL_ACCENT_COLOR_NAME = AccentColor;
				CODE_SIGN_STYLE = Automatic;
				DEVELOPMENT_TEAM = 7U2VFZY6BJ;
				INFOPLIST_FILE = LetsGoToTheMall/Info.plist;
				LD_RUNPATH_SEARCH_PATHS = (
					"$(inherited)",
					"@executable_path/Frameworks",
				);
				PRODUCT_BUNDLE_IDENTIFIER = com.haigian.LetsGoToTheMall;
				PRODUCT_NAME = "$(TARGET_NAME)";
				SWIFT_VERSION = 5.0;
				TARGETED_DEVICE_FAMILY = "1,2";
			};
			name = Release;
		};
/* End XCBuildConfiguration section */

/* Begin XCConfigurationList section */
		CD2A24ED257AAA7100A1D5C5 /* Build configuration list for PBXProject "LetsGoToTheMall" */ = {
			isa = XCConfigurationList;
			buildConfigurations = (
				CD2A2504257AAA7300A1D5C5 /* Debug */,
				CD2A2505257AAA7300A1D5C5 /* Release */,
			);
			defaultConfigurationIsVisible = 0;
			defaultConfigurationName = Release;
		};
		CD2A2506257AAA7300A1D5C5 /* Build configuration list for PBXNativeTarget "LetsGoToTheMall" */ = {
			isa = XCConfigurationList;
			buildConfigurations = (
				CD2A2507257AAA7300A1D5C5 /* Debug */,
				CD2A2508257AAA7300A1D5C5 /* Release */,
			);
			defaultConfigurationIsVisible = 0;
			defaultConfigurationName = Release;
		};
/* End XCConfigurationList section */
	};
	rootObject = CD2A24EA257AAA7100A1D5C5 /* Project object */;
}
